# generated by rye
# use `rye lock` or `rye sync` to update this lockfile
#
# last locked with the following flags:
#   pre: false
#   features: []
#   all-features: false
#   with-sources: false

attrs==23.2.0
    # via fiona
certifi==2024.2.2
    # via fiona
    # via pyproj
click==8.1.7
    # via click-plugins
    # via cligj
    # via fiona
click-plugins==1.1.1
    # via fiona
cligj==0.7.2
    # via fiona
colorama==0.4.6
    # via click
fiona==1.9.5
    # via geopandas
geopandas==0.14.3
importlib-metadata==7.0.1
    # via fiona
numpy==1.26.4
    # via pandas
    # via pyarrow
    # via shapely
packaging==23.2
    # via geopandas
pandas==2.2.1
    # via geopandas
pyarrow==15.0.0
pyproj==3.6.1
    # via geopandas
python-dateutil==2.8.2
    # via pandas
pytz==2024.1
    # via pandas
shapely==2.0.3
    # via geopandas
six==1.16.0
    # via fiona
    # via python-dateutil
tzdata==2024.1
    # via pandas
zipp==3.17.0
    # via importlib-metadata
setuptools==69.1.0
    # via fiona
